Microsoft Visual Studio Solution File, Format Version 12.00
# Visual Studio Version 17
VisualStudioVersion = 17.5.2.0
MinimumVisualStudioVersion = 10.0.40219.1
Project("{FAE04EC0-301F-11D3-BF4B-00C04F79EFBC}") = "BookFakeApiWebUI", "BookFakeApiWebUI.csproj", "{5598CC13-8CC3-DCF5-1584-DD7D5AF40C54}"
EndProject
Global
	GlobalSection(SolutionConfigurationPlatforms) = preSolution
		Debug|Any CPU = Debug|Any CPU
		Release|Any CPU = Release|Any CPU
	EndGlobalSection
	GlobalSection(ProjectConfigurationPlatforms) = postSolution
		{5598CC13-8CC3-DCF5-1584-DD7D5AF40C54}.Debug|Any CPU.ActiveCfg = Debug|Any CPU
		{5598CC13-8CC3-DCF5-1584-DD7D5AF40C54}.Debug|Any CPU.Build.0 = Debug|Any CPU
		{5598CC13-8CC3-DCF5-1584-DD7D5AF40C54}.Release|Any CPU.ActiveCfg = Release|Any CPU
		{5598CC13-8CC3-DCF5-1584-DD7D5AF40C54}.Release|Any CPU.Build.0 = Release|Any CPU
	EndGlobalSection
	GlobalSection(SolutionProperties) = preSolution
		HideSolutionNode = FALSE
	EndGlobalSection
	GlobalSection(ExtensibilityGlobals) = postSolution
		SolutionGuid = {3BA85CC6-8791-4C45-B330-5DC353E3AEA8}
	EndGlobalSection
EndGlobal
